version = 1
revision = 1
requires-python = ">=3.12"

[manifest]
members = [
    "avatar-emoji-bot",
    "flexdo",
    "folds",
]

[[package]]
name = "anyio"
version = "4.8.0"
source = { registry = "https://pypi.org/simple" }
dependencies = [
    { name = "idna" },
    { name = "sniffio" },
    { name = "typing-extensions", marker = "python_full_version < '3.13'" },
]
sdist = { url = "https://files.pythonhosted.org/packages/a3/73/199a98fc2dae33535d6b8e8e6ec01f8c1d76c9adb096c6b7d64823038cde/anyio-4.8.0.tar.gz", hash = "sha256:1d9fe889df5212298c0c0723fa20479d1b94883a2df44bd3897aa91083316f7a", size = 181126 }
wheels = [
    { url = "https://files.pythonhosted.org/packages/46/eb/e7f063ad1fec6b3178a3cd82d1a3c4de82cccf283fc42746168188e1cdd5/anyio-4.8.0-py3-none-any.whl", hash = "sha256:b5011f270ab5eb0abf13385f851315585cc37ef330dd88e27ec3d34d651fd47a", size = 96041 },
]

[[package]]
name = "avatar-emoji-bot"
version = "0.1.0"
source = { virtual = "examples/avatar_emoji_bot" }

[[package]]
name = "dotenv"
version = "0.9.9"
source = { registry = "https://pypi.org/simple" }
dependencies = [
    { name = "python-dotenv" },
]
wheels = [
    { url = "https://files.pythonhosted.org/packages/b2/b7/545d2c10c1fc15e48653c91efde329a790f2eecfbbf2bd16003b5db2bab0/dotenv-0.9.9-py2.py3-none-any.whl", hash = "sha256:29cf74a087b31dafdb5a446b6d7e11cbce8ed2741540e2339c69fbef92c94ce9", size = 1892 },
]

[[package]]
name = "flexdo"
version = "0.1.0"
source = { virtual = "examples/flexdo" }
dependencies = [
    { name = "dotenv" },
    { name = "folds" },
]

[package.metadata]
requires-dist = [
    { name = "dotenv", specifier = ">=0.9.9" },
    { name = "folds", editable = "." },
]

[[package]]
name = "folds"
version = "0.1.0"
source = { editable = "." }
dependencies = [
    { name = "telethon" },
    { name = "watchfiles" },
]

[package.metadata]
requires-dist = [
    { name = "telethon", specifier = "~=1.39.0" },
    { name = "watchfiles", specifier = "~=1.0.4" },
]

[[package]]
name = "idna"
version = "3.10"
source = { registry = "https://pypi.org/simple" }
sdist = { url = "https://files.pythonhosted.org/packages/f1/70/7703c29685631f5a7590aa73f1f1d3fa9a380e654b86af429e0934a32f7d/idna-3.10.tar.gz", hash = "sha256:12f65c9b470abda6dc35cf8e63cc574b1c52b11df2c86030af0ac09b01b13ea9", size = 190490 }
wheels = [
    { url = "https://files.pythonhosted.org/packages/76/c6/c88e154df9c4e1a2a66ccf0005a88dfb2650c1dffb6f5ce603dfbd452ce3/idna-3.10-py3-none-any.whl", hash = "sha256:946d195a0d259cbba61165e88e65941f16e9b36ea6ddb97f00452bae8b1287d3", size = 70442 },
]

[[package]]
name = "pyaes"
version = "1.6.1"
source = { registry = "https://pypi.org/simple" }
sdist = { url = "https://files.pythonhosted.org/packages/44/66/2c17bae31c906613795711fc78045c285048168919ace2220daa372c7d72/pyaes-1.6.1.tar.gz", hash = "sha256:02c1b1405c38d3c370b085fb952dd8bea3fadcee6411ad99f312cc129c536d8f", size = 28536 }

[[package]]
name = "pyasn1"
version = "0.6.1"
source = { registry = "https://pypi.org/simple" }
sdist = { url = "https://files.pythonhosted.org/packages/ba/e9/01f1a64245b89f039897cb0130016d79f77d52669aae6ee7b159a6c4c018/pyasn1-0.6.1.tar.gz", hash = "sha256:6f580d2bdd84365380830acf45550f2511469f673cb4a5ae3857a3170128b034", size = 145322 }
wheels = [
    { url = "https://files.pythonhosted.org/packages/c8/f1/d6a797abb14f6283c0ddff96bbdd46937f64122b8c925cab503dd37f8214/pyasn1-0.6.1-py3-none-any.whl", hash = "sha256:0d632f46f2ba09143da3a8afe9e33fb6f92fa2320ab7e886e2d0f7672af84629", size = 83135 },
]

[[package]]
name = "python-dotenv"
version = "1.0.1"
source = { registry = "https://pypi.org/simple" }
sdist = { url = "https://files.pythonhosted.org/packages/bc/57/e84d88dfe0aec03b7a2d4327012c1627ab5f03652216c63d49846d7a6c58/python-dotenv-1.0.1.tar.gz", hash = "sha256:e324ee90a023d808f1959c46bcbc04446a10ced277783dc6ee09987c37ec10ca", size = 39115 }
wheels = [
    { url = "https://files.pythonhosted.org/packages/6a/3e/b68c118422ec867fa7ab88444e1274aa40681c606d59ac27de5a5588f082/python_dotenv-1.0.1-py3-none-any.whl", hash = "sha256:f7b63ef50f1b690dddf550d03497b66d609393b40b564ed0d674909a68ebf16a", size = 19863 },
]

[[package]]
name = "rsa"
version = "4.9"
source = { registry = "https://pypi.org/simple" }
dependencies = [
    { name = "pyasn1" },
]
sdist = { url = "https://files.pythonhosted.org/packages/aa/65/7d973b89c4d2351d7fb232c2e452547ddfa243e93131e7cfa766da627b52/rsa-4.9.tar.gz", hash = "sha256:e38464a49c6c85d7f1351b0126661487a7e0a14a50f1675ec50eb34d4f20ef21", size = 29711 }
wheels = [
    { url = "https://files.pythonhosted.org/packages/49/97/fa78e3d2f65c02c8e1268b9aba606569fe97f6c8f7c2d74394553347c145/rsa-4.9-py3-none-any.whl", hash = "sha256:90260d9058e514786967344d0ef75fa8727eed8a7d2e43ce9f4bcf1b536174f7", size = 34315 },
]

[[package]]
name = "sniffio"
version = "1.3.1"
source = { registry = "https://pypi.org/simple" }
sdist = { url = "https://files.pythonhosted.org/packages/a2/87/a6771e1546d97e7e041b6ae58d80074f81b7d5121207425c964ddf5cfdbd/sniffio-1.3.1.tar.gz", hash = "sha256:f4324edc670a0f49750a81b895f35c3adb843cca46f0530f79fc1babb23789dc", size = 20372 }
wheels = [
    { url = "https://files.pythonhosted.org/packages/e9/44/75a9c9421471a6c4805dbf2356f7c181a29c1879239abab1ea2cc8f38b40/sniffio-1.3.1-py3-none-any.whl", hash = "sha256:2f6da418d1f1e0fddd844478f41680e794e6051915791a034ff65e5f100525a2", size = 10235 },
]

[[package]]
name = "telethon"
version = "1.39.0"
source = { registry = "https://pypi.org/simple" }
dependencies = [
    { name = "pyaes" },
    { name = "rsa" },
]
sdist = { url = "https://files.pythonhosted.org/packages/54/b2/6e48b593a0e4e678578a682332ef36e54648c78ef13a5d395e5cdd293c6d/telethon-1.39.0.tar.gz", hash = "sha256:35d4795d8c91deac515fb0bcb3723866b924de1c724e1d5c230460e96f284a63", size = 640634 }
wheels = [
    { url = "https://files.pythonhosted.org/packages/32/f2/4e66a59c6d0cb6a25c0c2a630b4b184d81cfe8cb982bf3b65ce32b020fc8/Telethon-1.39.0-py3-none-any.whl", hash = "sha256:aa9f394b94be144799a6f6a93ab463867bc7c63503ede9631751940a98f6c703", size = 715851 },
]

[[package]]
name = "typing-extensions"
version = "4.12.2"
source = { registry = "https://pypi.org/simple" }
sdist = { url = "https://files.pythonhosted.org/packages/df/db/f35a00659bc03fec321ba8bce9420de607a1d37f8342eee1863174c69557/typing_extensions-4.12.2.tar.gz", hash = "sha256:1a7ead55c7e559dd4dee8856e3a88b41225abfe1ce8df57b7c13915fe121ffb8", size = 85321 }
wheels = [
    { url = "https://files.pythonhosted.org/packages/26/9f/ad63fc0248c5379346306f8668cda6e2e2e9c95e01216d2b8ffd9ff037d0/typing_extensions-4.12.2-py3-none-any.whl", hash = "sha256:04e5ca0351e0f3f85c6853954072df659d0d13fac324d0072316b67d7794700d", size = 37438 },
]

[[package]]
name = "watchfiles"
version = "1.0.4"
source = { registry = "https://pypi.org/simple" }
dependencies = [
    { name = "anyio" },
]
sdist = { url = "https://files.pythonhosted.org/packages/f5/26/c705fc77d0a9ecdb9b66f1e2976d95b81df3cae518967431e7dbf9b5e219/watchfiles-1.0.4.tar.gz", hash = "sha256:6ba473efd11062d73e4f00c2b730255f9c1bdd73cd5f9fe5b5da8dbd4a717205", size = 94625 }
wheels = [
    { url = "https://files.pythonhosted.org/packages/5b/1a/8f4d9a1461709756ace48c98f07772bc6d4519b1e48b5fa24a4061216256/watchfiles-1.0.4-cp312-cp312-macosx_10_12_x86_64.whl", hash = "sha256:229e6ec880eca20e0ba2f7e2249c85bae1999d330161f45c78d160832e026ee2", size = 391345 },
    { url = "https://files.pythonhosted.org/packages/bc/d2/6750b7b3527b1cdaa33731438432e7238a6c6c40a9924049e4cebfa40805/watchfiles-1.0.4-cp312-cp312-macosx_11_0_arm64.whl", hash = "sha256:5717021b199e8353782dce03bd8a8f64438832b84e2885c4a645f9723bf656d9", size = 381515 },
    { url = "https://files.pythonhosted.org/packages/4e/17/80500e42363deef1e4b4818729ed939aaddc56f82f4e72b2508729dd3c6b/watchfiles-1.0.4-cp312-cp312-manylinux_2_17_aarch64.manylinux2014_aarch64.whl", hash = "sha256:0799ae68dfa95136dde7c472525700bd48777875a4abb2ee454e3ab18e9fc712", size = 449767 },
    { url = "https://files.pythonhosted.org/packages/10/37/1427fa4cfa09adbe04b1e97bced19a29a3462cc64c78630787b613a23f18/watchfiles-1.0.4-cp312-cp312-manylinux_2_17_armv7l.manylinux2014_armv7l.whl", hash = "sha256:43b168bba889886b62edb0397cab5b6490ffb656ee2fcb22dec8bfeb371a9e12", size = 455677 },
    { url = "https://files.pythonhosted.org/packages/c5/7a/39e9397f3a19cb549a7d380412fd9e507d4854eddc0700bfad10ef6d4dba/watchfiles-1.0.4-cp312-cp312-manylinux_2_17_i686.manylinux2014_i686.whl", hash = "sha256:fb2c46e275fbb9f0c92e7654b231543c7bbfa1df07cdc4b99fa73bedfde5c844", size = 482219 },
    { url = "https://files.pythonhosted.org/packages/45/2d/7113931a77e2ea4436cad0c1690c09a40a7f31d366f79c6f0a5bc7a4f6d5/watchfiles-1.0.4-cp312-cp312-manylinux_2_17_ppc64le.manylinux2014_ppc64le.whl", hash = "sha256:857f5fc3aa027ff5e57047da93f96e908a35fe602d24f5e5d8ce64bf1f2fc733", size = 518830 },
    { url = "https://files.pythonhosted.org/packages/f9/1b/50733b1980fa81ef3c70388a546481ae5fa4c2080040100cd7bf3bf7b321/watchfiles-1.0.4-cp312-cp312-manylinux_2_17_s390x.manylinux2014_s390x.whl", hash = "sha256:55ccfd27c497b228581e2838d4386301227fc0cb47f5a12923ec2fe4f97b95af", size = 497997 },
    { url = "https://files.pythonhosted.org/packages/2b/b4/9396cc61b948ef18943e7c85ecfa64cf940c88977d882da57147f62b34b1/watchfiles-1.0.4-cp312-cp312-manylinux_2_17_x86_64.manylinux2014_x86_64.whl", hash = "sha256:5c11ea22304d17d4385067588123658e9f23159225a27b983f343fcffc3e796a", size = 452249 },
    { url = "https://files.pythonhosted.org/packages/fb/69/0c65a5a29e057ad0dc691c2fa6c23b2983c7dabaa190ba553b29ac84c3cc/watchfiles-1.0.4-cp312-cp312-musllinux_1_1_aarch64.whl", hash = "sha256:74cb3ca19a740be4caa18f238298b9d472c850f7b2ed89f396c00a4c97e2d9ff", size = 614412 },
    { url = "https://files.pythonhosted.org/packages/7f/b9/319fcba6eba5fad34327d7ce16a6b163b39741016b1996f4a3c96b8dd0e1/watchfiles-1.0.4-cp312-cp312-musllinux_1_1_x86_64.whl", hash = "sha256:c7cce76c138a91e720d1df54014a047e680b652336e1b73b8e3ff3158e05061e", size = 611982 },
    { url = "https://files.pythonhosted.org/packages/f1/47/143c92418e30cb9348a4387bfa149c8e0e404a7c5b0585d46d2f7031b4b9/watchfiles-1.0.4-cp312-cp312-win32.whl", hash = "sha256:b045c800d55bc7e2cadd47f45a97c7b29f70f08a7c2fa13241905010a5493f94", size = 271822 },
    { url = "https://files.pythonhosted.org/packages/ea/94/b0165481bff99a64b29e46e07ac2e0df9f7a957ef13bec4ceab8515f44e3/watchfiles-1.0.4-cp312-cp312-win_amd64.whl", hash = "sha256:c2acfa49dd0ad0bf2a9c0bb9a985af02e89345a7189be1efc6baa085e0f72d7c", size = 285441 },
    { url = "https://files.pythonhosted.org/packages/11/de/09fe56317d582742d7ca8c2ca7b52a85927ebb50678d9b0fa8194658f536/watchfiles-1.0.4-cp312-cp312-win_arm64.whl", hash = "sha256:22bb55a7c9e564e763ea06c7acea24fc5d2ee5dfc5dafc5cfbedfe58505e9f90", size = 277141 },
    { url = "https://files.pythonhosted.org/packages/08/98/f03efabec64b5b1fa58c0daab25c68ef815b0f320e54adcacd0d6847c339/watchfiles-1.0.4-cp313-cp313-macosx_10_12_x86_64.whl", hash = "sha256:8012bd820c380c3d3db8435e8cf7592260257b378b649154a7948a663b5f84e9", size = 390954 },
    { url = "https://files.pythonhosted.org/packages/16/09/4dd49ba0a32a45813debe5fb3897955541351ee8142f586303b271a02b40/watchfiles-1.0.4-cp313-cp313-macosx_11_0_arm64.whl", hash = "sha256:aa216f87594f951c17511efe5912808dfcc4befa464ab17c98d387830ce07b60", size = 381133 },
    { url = "https://files.pythonhosted.org/packages/76/59/5aa6fc93553cd8d8ee75c6247763d77c02631aed21551a97d94998bf1dae/watchfiles-1.0.4-cp313-cp313-manylinux_2_17_aarch64.manylinux2014_aarch64.whl", hash = "sha256:62c9953cf85529c05b24705639ffa390f78c26449e15ec34d5339e8108c7c407", size = 449516 },
    { url = "https://files.pythonhosted.org/packages/4c/aa/df4b6fe14b6317290b91335b23c96b488d365d65549587434817e06895ea/watchfiles-1.0.4-cp313-cp313-manylinux_2_17_armv7l.manylinux2014_armv7l.whl", hash = "sha256:7cf684aa9bba4cd95ecb62c822a56de54e3ae0598c1a7f2065d51e24637a3c5d", size = 454820 },
    { url = "https://files.pythonhosted.org/packages/5e/71/185f8672f1094ce48af33252c73e39b48be93b761273872d9312087245f6/watchfiles-1.0.4-cp313-cp313-manylinux_2_17_i686.manylinux2014_i686.whl", hash = "sha256:f44a39aee3cbb9b825285ff979ab887a25c5d336e5ec3574f1506a4671556a8d", size = 481550 },
    { url = "https://files.pythonhosted.org/packages/85/d7/50ebba2c426ef1a5cb17f02158222911a2e005d401caf5d911bfca58f4c4/watchfiles-1.0.4-cp313-cp313-manylinux_2_17_ppc64le.manylinux2014_ppc64le.whl", hash = "sha256:a38320582736922be8c865d46520c043bff350956dfc9fbaee3b2df4e1740a4b", size = 518647 },
    { url = "https://files.pythonhosted.org/packages/f0/7a/4c009342e393c545d68987e8010b937f72f47937731225b2b29b7231428f/watchfiles-1.0.4-cp313-cp313-manylinux_2_17_s390x.manylinux2014_s390x.whl", hash = "sha256:39f4914548b818540ef21fd22447a63e7be6e24b43a70f7642d21f1e73371590", size = 497547 },
    { url = "https://files.pythonhosted.org/packages/0f/7c/1cf50b35412d5c72d63b2bf9a4fffee2e1549a245924960dd087eb6a6de4/watchfiles-1.0.4-cp313-cp313-manylinux_2_17_x86_64.manylinux2014_x86_64.whl", hash = "sha256:f12969a3765909cf5dc1e50b2436eb2c0e676a3c75773ab8cc3aa6175c16e902", size = 452179 },
    { url = "https://files.pythonhosted.org/packages/d6/a9/3db1410e1c1413735a9a472380e4f431ad9a9e81711cda2aaf02b7f62693/watchfiles-1.0.4-cp313-cp313-musllinux_1_1_aarch64.whl", hash = "sha256:0986902677a1a5e6212d0c49b319aad9cc48da4bd967f86a11bde96ad9676ca1", size = 614125 },
    { url = "https://files.pythonhosted.org/packages/f2/e1/0025d365cf6248c4d1ee4c3d2e3d373bdd3f6aff78ba4298f97b4fad2740/watchfiles-1.0.4-cp313-cp313-musllinux_1_1_x86_64.whl", hash = "sha256:308ac265c56f936636e3b0e3f59e059a40003c655228c131e1ad439957592303", size = 611911 },
    { url = "https://files.pythonhosted.org/packages/55/55/035838277d8c98fc8c917ac9beeb0cd6c59d675dc2421df5f9fcf44a0070/watchfiles-1.0.4-cp313-cp313-win32.whl", hash = "sha256:aee397456a29b492c20fda2d8961e1ffb266223625346ace14e4b6d861ba9c80", size = 271152 },
    { url = "https://files.pythonhosted.org/packages/f0/e5/96b8e55271685ddbadc50ce8bc53aa2dff278fb7ac4c2e473df890def2dc/watchfiles-1.0.4-cp313-cp313-win_amd64.whl", hash = "sha256:d6097538b0ae5c1b88c3b55afa245a66793a8fec7ada6755322e465fb1a0e8cc", size = 285216 },
]
